
Microsoft Visual Studio Solution File, Format Version 12.00
# Visual Studio Version 16
VisualStudioVersion = 16.0.28606.126
MinimumVisualStudioVersion = 10.0.40219.1
Project("{8BC9CEB8-8B4A-11D0-8D11-00A0C91BC942}") = "Client", "Client\Client.vcxproj", "{E41B7668-E529-458B-8514-7DD9ADC8C91F}"
EndProject
Project("{8BC9CEB8-8B4A-11D0-8D11-00A0C91BC942}") = "Server", "Server\Server.vcxproj", "{4345EB58-D78F-4D85-AD90-1E316DE4EF1D}"
EndProject
Project("{8BC9CEB8-8B4A-11D0-8D11-00A0C91BC942}") = "api_tester", "api_tester\api_tester.vcxproj", "{52490C53-9783-4746-AFEF-04CF25848F3D}"
EndProject
Global
	GlobalSection(SolutionConfigurationPlatforms) = preSolution
		Debug|x64 = Debug|x64
		Debug|x86 = Debug|x86
		Release|x64 = Release|x64
		Release|x86 = Release|x86
	EndGlobalSection
	GlobalSection(ProjectConfigurationPlatforms) = postSolution
		{E41B7668-E529-458B-8514-7DD9ADC8C91F}.Debug|x64.ActiveCfg = Debug|x64
		{E41B7668-E529-458B-8514-7DD9ADC8C91F}.Debug|x64.Build.0 = Debug|x64
		{E41B7668-E529-458B-8514-7DD9ADC8C91F}.Debug|x86.ActiveCfg = Debug|Win32
		{E41B7668-E529-458B-8514-7DD9ADC8C91F}.Debug|x86.Build.0 = Debug|Win32
		{E41B7668-E529-458B-8514-7DD9ADC8C91F}.Release|x64.ActiveCfg = Release|x64
		{E41B7668-E529-458B-8514-7DD9ADC8C91F}.Release|x64.Build.0 = Release|x64
		{E41B7668-E529-458B-8514-7DD9ADC8C91F}.Release|x86.ActiveCfg = Release|Win32
		{E41B7668-E529-458B-8514-7DD9ADC8C91F}.Release|x86.Build.0 = Release|Win32
		{4345EB58-D78F-4D85-AD90-1E316DE4EF1D}.Debug|x64.ActiveCfg = Debug|x64
		{4345EB58-D78F-4D85-AD90-1E316DE4EF1D}.Debug|x64.Build.0 = Debug|x64
		{4345EB58-D78F-4D85-AD90-1E316DE4EF1D}.Debug|x86.ActiveCfg = Debug|Win32
		{4345EB58-D78F-4D85-AD90-1E316DE4EF1D}.Debug|x86.Build.0 = Debug|Win32
		{4345EB58-D78F-4D85-AD90-1E316DE4EF1D}.Release|x64.ActiveCfg = Release|x64
		{4345EB58-D78F-4D85-AD90-1E316DE4EF1D}.Release|x64.Build.0 = Release|x64
		{4345EB58-D78F-4D85-AD90-1E316DE4EF1D}.Release|x86.ActiveCfg = Release|Win32
		{4345EB58-D78F-4D85-AD90-1E316DE4EF1D}.Release|x86.Build.0 = Release|Win32
		{52490C53-9783-4746-AFEF-04CF25848F3D}.Debug|x64.ActiveCfg = Debug|x64
		{52490C53-9783-4746-AFEF-04CF25848F3D}.Debug|x64.Build.0 = Debug|x64
		{52490C53-9783-4746-AFEF-04CF25848F3D}.Debug|x86.ActiveCfg = Debug|Win32
		{52490C53-9783-4746-AFEF-04CF25848F3D}.Debug|x86.Build.0 = Debug|Win32
		{52490C53-9783-4746-AFEF-04CF25848F3D}.Release|x64.ActiveCfg = Release|x64
		{52490C53-9783-4746-AFEF-04CF25848F3D}.Release|x64.Build.0 = Release|x64
		{52490C53-9783-4746-AFEF-04CF25848F3D}.Release|x86.ActiveCfg = Release|Win32
		{52490C53-9783-4746-AFEF-04CF25848F3D}.Release|x86.Build.0 = Release|Win32
	EndGlobalSection
	GlobalSection(SolutionProperties) = preSolution
		HideSolutionNode = FALSE
	EndGlobalSection
	GlobalSection(ExtensibilityGlobals) = postSolution
		SolutionGuid = {13BB9784-F013-4D51-8E9D-2BF468F0D7EC}
	EndGlobalSection
EndGlobal
